// !$*UTF8*$!
{
	archiveVersion = 1;
	classes = {
	};
	objectVersion = 50;
	objects = {

/* Begin PBXBuildFile section */
		1204C12422299BD400C4018D /* CalendarViewController.swift in Sources */ = {isa = PBXBuildFile; fileRef = 1204C12322299BD400C4018D /* CalendarViewController.swift */; };
		120D547A22225A2000604AD6 /* AppDelegate.swift in Sources */ = {isa = PBXBuildFile; fileRef = 120D547922225A2000604AD6 /* AppDelegate.swift */; };
		120D547F22225A2000604AD6 /* Main.storyboard in Resources */ = {isa = PBXBuildFile; fileRef = 120D547D22225A2000604AD6 /* Main.storyboard */; };
		120D548122225A2100604AD6 /* Assets.xcassets in Resources */ = {isa = PBXBuildFile; fileRef = 120D548022225A2100604AD6 /* Assets.xcassets */; };
		120D548422225A2100604AD6 /* LaunchScreen.storyboard in Resources */ = {isa = PBXBuildFile; fileRef = 120D548222225A2100604AD6 /* LaunchScreen.storyboard */; };
		120D548C22225A3200604AD6 /* GoogleService-Info.plist in Resources */ = {isa = PBXBuildFile; fileRef = 120D548B22225A3200604AD6 /* GoogleService-Info.plist */; };
		120D54902222608500604AD6 /* loginView.xib in Resources */ = {isa = PBXBuildFile; fileRef = 120D548F2222608500604AD6 /* loginView.xib */; };
		120D54922222687500604AD6 /* LoginView.swift in Sources */ = {isa = PBXBuildFile; fileRef = 120D54912222687500604AD6 /* LoginView.swift */; };
		120D54962223164600604AD6 /* LoginViewController.swift in Sources */ = {isa = PBXBuildFile; fileRef = 120D54952223164600604AD6 /* LoginViewController.swift */; };
		120D54C6222468E900604AD6 /* UserSession.swift in Sources */ = {isa = PBXBuildFile; fileRef = 120D54C5222468E900604AD6 /* UserSession.swift */; };
		120D54C922246A5F00604AD6 /* DatabaseManager.swift in Sources */ = {isa = PBXBuildFile; fileRef = 120D54C822246A5F00604AD6 /* DatabaseManager.swift */; };
		120D54CB22246BB900604AD6 /* DatabaseKeys.swift in Sources */ = {isa = PBXBuildFile; fileRef = 120D54CA22246BB900604AD6 /* DatabaseKeys.swift */; };
		120D54CE22246CDF00604AD6 /* TaskerModel.swift in Sources */ = {isa = PBXBuildFile; fileRef = 120D54CD22246CDF00604AD6 /* TaskerModel.swift */; };
		120D54D0222471A000604AD6 /* StorageManager.swift in Sources */ = {isa = PBXBuildFile; fileRef = 120D54CF222471A000604AD6 /* StorageManager.swift */; };
		120D54D222247B9800604AD6 /* StorageKeys.swift in Sources */ = {isa = PBXBuildFile; fileRef = 120D54D122247B9800604AD6 /* StorageKeys.swift */; };
		120D54D522247CBC00604AD6 /* UIViewController+Alerts.swift in Sources */ = {isa = PBXBuildFile; fileRef = 120D54D422247CBC00604AD6 /* UIViewController+Alerts.swift */; };
		120D54D722248DBE00604AD6 /* TaskStoryBoard.storyboard in Resources */ = {isa = PBXBuildFile; fileRef = 120D54D622248DBE00604AD6 /* TaskStoryBoard.storyboard */; };
		120D54D92224DCAA00604AD6 /* HomeViewController.swift in Sources */ = {isa = PBXBuildFile; fileRef = 120D54D82224DCAA00604AD6 /* HomeViewController.swift */; };
		120D54DB2224DD0700604AD6 /* TaskMakerViewController.swift in Sources */ = {isa = PBXBuildFile; fileRef = 120D54DA2224DD0700604AD6 /* TaskMakerViewController.swift */; };
		120D54DE2224E20C00604AD6 /* NetworkHelper.swift in Sources */ = {isa = PBXBuildFile; fileRef = 120D54DD2224E20C00604AD6 /* NetworkHelper.swift */; };
		120D54E02224E23300604AD6 /* AppError.swift in Sources */ = {isa = PBXBuildFile; fileRef = 120D54DF2224E23300604AD6 /* AppError.swift */; };
		1215EB0A222ED3F200541D57 /* CalendarCell.swift in Sources */ = {isa = PBXBuildFile; fileRef = 1215EB09222ED3F200541D57 /* CalendarCell.swift */; };
		1267FC8E22318A0A008167E5 /* Reminder.swift in Sources */ = {isa = PBXBuildFile; fileRef = 1267FC8D22318A0A008167E5 /* Reminder.swift */; };
		126AC35D222BA71000C653EE /* HomeCell.swift in Sources */ = {isa = PBXBuildFile; fileRef = 126AC35C222BA71000C653EE /* HomeCell.swift */; };
		126AC35F222CDE1600C653EE /* CalendarModel.swift in Sources */ = {isa = PBXBuildFile; fileRef = 126AC35E222CDE1600C653EE /* CalendarModel.swift */; };
		1271BE6322271AF7006D462E /* EventCell.swift in Sources */ = {isa = PBXBuildFile; fileRef = 1271BE6222271AF7006D462E /* EventCell.swift */; };
		1271BE6522271FD1006D462E /* EventSetupCell.swift in Sources */ = {isa = PBXBuildFile; fileRef = 1271BE6422271FD1006D462E /* EventSetupCell.swift */; };
		1271BE6722272433006D462E /* ReminderCell.swift in Sources */ = {isa = PBXBuildFile; fileRef = 1271BE6622272433006D462E /* ReminderCell.swift */; };
		1271BE69222735FB006D462E /* NoteCell.swift in Sources */ = {isa = PBXBuildFile; fileRef = 1271BE68222735FB006D462E /* NoteCell.swift */; };
		1271BE6B22274476006D462E /* ImageCatch.swift in Sources */ = {isa = PBXBuildFile; fileRef = 1271BE6A22274476006D462E /* ImageCatch.swift */; };
		1271BE6D22285531006D462E /* EventModel.swift in Sources */ = {isa = PBXBuildFile; fileRef = 1271BE6C22285531006D462E /* EventModel.swift */; };
		1271BE6F2228629D006D462E /* TaskType.swift in Sources */ = {isa = PBXBuildFile; fileRef = 1271BE6E2228629D006D462E /* TaskType.swift */; };
		12B2F9E72225E989007C03AD /* TasksTabBarController.swift in Sources */ = {isa = PBXBuildFile; fileRef = 12B2F9E62225E989007C03AD /* TasksTabBarController.swift */; };
		12B2F9E92225EF07007C03AD /* ProfileViewController.swift in Sources */ = {isa = PBXBuildFile; fileRef = 12B2F9E82225EF07007C03AD /* ProfileViewController.swift */; };
		12B2F9EB2225EF10007C03AD /* SettingsViewController.swift in Sources */ = {isa = PBXBuildFile; fileRef = 12B2F9EA2225EF10007C03AD /* SettingsViewController.swift */; };
		12B2F9EE22263D71007C03AD /* CellImage.swift in Sources */ = {isa = PBXBuildFile; fileRef = 12B2F9ED22263D71007C03AD /* CellImage.swift */; };
		12B2F9F2222656CD007C03AD /* OptionsViewController.swift in Sources */ = {isa = PBXBuildFile; fileRef = 12B2F9F1222656CD007C03AD /* OptionsViewController.swift */; };
		12B2F9F422265702007C03AD /* OptionsView.swift in Sources */ = {isa = PBXBuildFile; fileRef = 12B2F9F322265702007C03AD /* OptionsView.swift */; };
		12B2F9F6222661C9007C03AD /* TasksView.swift in Sources */ = {isa = PBXBuildFile; fileRef = 12B2F9F5222661C9007C03AD /* TasksView.swift */; };
		12E352EE22306C5F000F7F6E /* DataPersistanceManager.swift in Sources */ = {isa = PBXBuildFile; fileRef = 12E352ED22306C5F000F7F6E /* DataPersistanceManager.swift */; };
		12E8F7112232DD1400FB6B52 /* EditView.swift in Sources */ = {isa = PBXBuildFile; fileRef = 12E8F7102232DD1400FB6B52 /* EditView.swift */; };
		12E8F7132232DDDC00FB6B52 /* EditViewController.swift in Sources */ = {isa = PBXBuildFile; fileRef = 12E8F7122232DDDC00FB6B52 /* EditViewController.swift */; };
		812F848779079CE910DC37A0 /* Pods_SoloProjectFireBase.framework in Frameworks */ = {isa = PBXBuildFile; fileRef = E4C4E0994E8C01F65AD9DD5D /* Pods_SoloProjectFireBase.framework */; };
/* End PBXBuildFile section */

/* Begin PBXFileReference section */
		1204C12322299BD400C4018D /* CalendarViewController.swift */ = {isa = PBXFileReference; lastKnownFileType = sourcecode.swift; path = CalendarViewController.swift; sourceTree = "<group>"; };
		120D547622225A2000604AD6 /* SoloProjectFireBase.app */ = {isa = PBXFileReference; explicitFileType = wrapper.application; includeInIndex = 0; path = SoloProjectFireBase.app; sourceTree = BUILT_PRODUCTS_DIR; };
		120D547922225A2000604AD6 /* AppDelegate.swift */ = {isa = PBXFileReference; lastKnownFileType = sourcecode.swift; path = AppDelegate.swift; sourceTree = "<group>"; };
		120D547E22225A2000604AD6 /* Base */ = {isa = PBXFileReference; lastKnownFileType = file.storyboard; name = Base; path = Base.lproj/Main.storyboard; sourceTree = "<group>"; };
		120D548022225A2100604AD6 /* Assets.xcassets */ = {isa = PBXFileReference; lastKnownFileType = folder.assetcatalog; path = Assets.xcassets; sourceTree = "<group>"; };
		120D548322225A2100604AD6 /* Base */ = {isa = PBXFileReference; lastKnownFileType = file.storyboard; name = Base; path = Base.lproj/LaunchScreen.storyboard; sourceTree = "<group>"; };
		120D548522225A2100604AD6 /* Info.plist */ = {isa = PBXFileReference; lastKnownFileType = text.plist.xml; path = Info.plist; sourceTree = "<group>"; };
		120D548B22225A3200604AD6 /* GoogleService-Info.plist */ = {isa = PBXFileReference; fileEncoding = 4; lastKnownFileType = text.plist.xml; path = "GoogleService-Info.plist"; sourceTree = "<group>"; };
		120D548F2222608500604AD6 /* loginView.xib */ = {isa = PBXFileReference; lastKnownFileType = file.xib; path = loginView.xib; sourceTree = "<group>"; };
		120D54912222687500604AD6 /* LoginView.swift */ = {isa = PBXFileReference; lastKnownFileType = sourcecode.swift; path = LoginView.swift; sourceTree = "<group>"; };
		120D54952223164600604AD6 /* LoginViewController.swift */ = {isa = PBXFileReference; lastKnownFileType = sourcecode.swift; path = LoginViewController.swift; sourceTree = "<group>"; };
		120D54C5222468E900604AD6 /* UserSession.swift */ = {isa = PBXFileReference; lastKnownFileType = sourcecode.swift; path = UserSession.swift; sourceTree = "<group>"; };
		120D54C822246A5F00604AD6 /* DatabaseManager.swift */ = {isa = PBXFileReference; lastKnownFileType = sourcecode.swift; path = DatabaseManager.swift; sourceTree = "<group>"; };
		120D54CA22246BB900604AD6 /* DatabaseKeys.swift */ = {isa = PBXFileReference; lastKnownFileType = sourcecode.swift; path = DatabaseKeys.swift; sourceTree = "<group>"; };
		120D54CD22246CDF00604AD6 /* TaskerModel.swift */ = {isa = PBXFileReference; lastKnownFileType = sourcecode.swift; path = TaskerModel.swift; sourceTree = "<group>"; };
		120D54CF222471A000604AD6 /* StorageManager.swift */ = {isa = PBXFileReference; lastKnownFileType = sourcecode.swift; path = StorageManager.swift; sourceTree = "<group>"; };
		120D54D122247B9800604AD6 /* StorageKeys.swift */ = {isa = PBXFileReference; lastKnownFileType = sourcecode.swift; path = StorageKeys.swift; sourceTree = "<group>"; };
		120D54D422247CBC00604AD6 /* UIViewController+Alerts.swift */ = {isa = PBXFileReference; lastKnownFileType = sourcecode.swift; path = "UIViewController+Alerts.swift"; sourceTree = "<group>"; };
		120D54D622248DBE00604AD6 /* TaskStoryBoard.storyboard */ = {isa = PBXFileReference; lastKnownFileType = file.storyboard; path = TaskStoryBoard.storyboard; sourceTree = "<group>"; };
		120D54D82224DCAA00604AD6 /* HomeViewController.swift */ = {isa = PBXFileReference; lastKnownFileType = sourcecode.swift; path = HomeViewController.swift; sourceTree = "<group>"; };
		120D54DA2224DD0700604AD6 /* TaskMakerViewController.swift */ = {isa = PBXFileReference; lastKnownFileType = sourcecode.swift; path = TaskMakerViewController.swift; sourceTree = "<group>"; };
		120D54DD2224E20C00604AD6 /* NetworkHelper.swift */ = {isa = PBXFileReference; lastKnownFileType = sourcecode.swift; path = NetworkHelper.swift; sourceTree = "<group>"; };
		120D54DF2224E23300604AD6 /* AppError.swift */ = {isa = PBXFileReference; lastKnownFileType = sourcecode.swift; path = AppError.swift; sourceTree = "<group>"; };
		1215EB09222ED3F200541D57 /* CalendarCell.swift */ = {isa = PBXFileReference; lastKnownFileType = sourcecode.swift; path = CalendarCell.swift; sourceTree = "<group>"; };
		1267FC8D22318A0A008167E5 /* Reminder.swift */ = {isa = PBXFileReference; lastKnownFileType = sourcecode.swift; path = Reminder.swift; sourceTree = "<group>"; };
		126AC35C222BA71000C653EE /* HomeCell.swift */ = {isa = PBXFileReference; lastKnownFileType = sourcecode.swift; path = HomeCell.swift; sourceTree = "<group>"; };
		126AC35E222CDE1600C653EE /* CalendarModel.swift */ = {isa = PBXFileReference; lastKnownFileType = sourcecode.swift; path = CalendarModel.swift; sourceTree = "<group>"; };
		1271BE6222271AF7006D462E /* EventCell.swift */ = {isa = PBXFileReference; lastKnownFileType = sourcecode.swift; path = EventCell.swift; sourceTree = "<group>"; };
		1271BE6422271FD1006D462E /* EventSetupCell.swift */ = {isa = PBXFileReference; lastKnownFileType = sourcecode.swift; path = EventSetupCell.swift; sourceTree = "<group>"; };
		1271BE6622272433006D462E /* ReminderCell.swift */ = {isa = PBXFileReference; lastKnownFileType = sourcecode.swift; path = ReminderCell.swift; sourceTree = "<group>"; };
		1271BE68222735FB006D462E /* NoteCell.swift */ = {isa = PBXFileReference; lastKnownFileType = sourcecode.swift; path = NoteCell.swift; sourceTree = "<group>"; };
		1271BE6A22274476006D462E /* ImageCatch.swift */ = {isa = PBXFileReference; lastKnownFileType = sourcecode.swift; path = ImageCatch.swift; sourceTree = "<group>"; };
		1271BE6C22285531006D462E /* EventModel.swift */ = {isa = PBXFileReference; lastKnownFileType = sourcecode.swift; path = EventModel.swift; sourceTree = "<group>"; };
		1271BE6E2228629D006D462E /* TaskType.swift */ = {isa = PBXFileReference; lastKnownFileType = sourcecode.swift; path = TaskType.swift; sourceTree = "<group>"; };
		12B2F9E62225E989007C03AD /* TasksTabBarController.swift */ = {isa = PBXFileReference; lastKnownFileType = sourcecode.swift; path = TasksTabBarController.swift; sourceTree = "<group>"; };
		12B2F9E82225EF07007C03AD /* ProfileViewController.swift */ = {isa = PBXFileReference; lastKnownFileType = sourcecode.swift; path = ProfileViewController.swift; sourceTree = "<group>"; };
		12B2F9EA2225EF10007C03AD /* SettingsViewController.swift */ = {isa = PBXFileReference; lastKnownFileType = sourcecode.swift; path = SettingsViewController.swift; sourceTree = "<group>"; };
		12B2F9ED22263D71007C03AD /* CellImage.swift */ = {isa = PBXFileReference; lastKnownFileType = sourcecode.swift; path = CellImage.swift; sourceTree = "<group>"; };
		12B2F9F1222656CD007C03AD /* OptionsViewController.swift */ = {isa = PBXFileReference; lastKnownFileType = sourcecode.swift; path = OptionsViewController.swift; sourceTree = "<group>"; };
		12B2F9F322265702007C03AD /* OptionsView.swift */ = {isa = PBXFileReference; lastKnownFileType = sourcecode.swift; path = OptionsView.swift; sourceTree = "<group>"; };
		12B2F9F5222661C9007C03AD /* TasksView.swift */ = {isa = PBXFileReference; lastKnownFileType = sourcecode.swift; path = TasksView.swift; sourceTree = "<group>"; };
		12E352ED22306C5F000F7F6E /* DataPersistanceManager.swift */ = {isa = PBXFileReference; lastKnownFileType = sourcecode.swift; path = DataPersistanceManager.swift; sourceTree = "<group>"; };
		12E8F7102232DD1400FB6B52 /* EditView.swift */ = {isa = PBXFileReference; lastKnownFileType = sourcecode.swift; path = EditView.swift; sourceTree = "<group>"; };
		12E8F7122232DDDC00FB6B52 /* EditViewController.swift */ = {isa = PBXFileReference; lastKnownFileType = sourcecode.swift; path = EditViewController.swift; sourceTree = "<group>"; };
		3AE5DF8C4887E8AB3402BEAE /* Pods-SoloProjectFireBase.debug.xcconfig */ = {isa = PBXFileReference; includeInIndex = 1; lastKnownFileType = text.xcconfig; name = "Pods-SoloProjectFireBase.debug.xcconfig"; path = "Target Support Files/Pods-SoloProjectFireBase/Pods-SoloProjectFireBase.debug.xcconfig"; sourceTree = "<group>"; };
		C00CB551019F010BE3515ACF /* Pods-SoloProjectFireBase.release.xcconfig */ = {isa = PBXFileReference; includeInIndex = 1; lastKnownFileType = text.xcconfig; name = "Pods-SoloProjectFireBase.release.xcconfig"; path = "Target Support Files/Pods-SoloProjectFireBase/Pods-SoloProjectFireBase.release.xcconfig"; sourceTree = "<group>"; };
		E4C4E0994E8C01F65AD9DD5D /* Pods_SoloProjectFireBase.framework */ = {isa = PBXFileReference; explicitFileType = wrapper.framework; includeInIndex = 0; path = Pods_SoloProjectFireBase.framework; sourceTree = BUILT_PRODUCTS_DIR; };
/* End PBXFileReference section */

/* Begin PBXFrameworksBuildPhase section */
		120D547322225A2000604AD6 /* Frameworks */ = {
			isa = PBXFrameworksBuildPhase;
			buildActionMask = 2147483647;
			files = (
				812F848779079CE910DC37A0 /* Pods_SoloProjectFireBase.framework in Frameworks */,
			);
			runOnlyForDeploymentPostprocessing = 0;
		};
/* End PBXFrameworksBuildPhase section */

/* Begin PBXGroup section */
		120D546D22225A2000604AD6 = {
			isa = PBXGroup;
			children = (
				120D547822225A2000604AD6 /* SoloProjectFireBase */,
				120D54972223165B00604AD6 /* SupportiveFiles */,
				120D547722225A2000604AD6 /* Products */,
				B8D6F0A450701984C0B98791 /* Pods */,
				5AD3AE0EE721E27C005FA093 /* Frameworks */,
			);
			sourceTree = "<group>";
		};
		120D547722225A2000604AD6 /* Products */ = {
			isa = PBXGroup;
			children = (
				120D547622225A2000604AD6 /* SoloProjectFireBase.app */,
			);
			name = Products;
			sourceTree = "<group>";
		};
		120D547822225A2000604AD6 /* SoloProjectFireBase */ = {
			isa = PBXGroup;
			children = (
				120D54C7222468ED00604AD6 /* Firebase Utilities */,
				120D54E12224F02D00604AD6 /* EventKit */,
				12B2F9EC22263D13007C03AD /* Cells */,
				120D54DC2224E1EA00604AD6 /* Network Services */,
				120D5494222315F500604AD6 /* Controllers */,
				120D54CC22246CCD00604AD6 /* Models */,
				120D54932223157400604AD6 /* Views */,
				120D54D322247C7500604AD6 /* Extensions */,
				120D548522225A2100604AD6 /* Info.plist */,
				120D548B22225A3200604AD6 /* GoogleService-Info.plist */,
			);
			path = SoloProjectFireBase;
			sourceTree = "<group>";
		};
		120D54932223157400604AD6 /* Views */ = {
			isa = PBXGroup;
			children = (
				120D54D622248DBE00604AD6 /* TaskStoryBoard.storyboard */,
				120D54912222687500604AD6 /* LoginView.swift */,
				12E8F7102232DD1400FB6B52 /* EditView.swift */,
				12B2F9F322265702007C03AD /* OptionsView.swift */,
				12B2F9F5222661C9007C03AD /* TasksView.swift */,
				120D548F2222608500604AD6 /* loginView.xib */,
				120D547D22225A2000604AD6 /* Main.storyboard */,
			);
			path = Views;
			sourceTree = "<group>";
		};
		120D5494222315F500604AD6 /* Controllers */ = {
			isa = PBXGroup;
			children = (
				120D54952223164600604AD6 /* LoginViewController.swift */,
				12E8F7122232DDDC00FB6B52 /* EditViewController.swift */,
				1204C12322299BD400C4018D /* CalendarViewController.swift */,
				12B2F9E62225E989007C03AD /* TasksTabBarController.swift */,
				120D54D82224DCAA00604AD6 /* HomeViewController.swift */,
				12B2F9EA2225EF10007C03AD /* SettingsViewController.swift */,
				120D54DA2224DD0700604AD6 /* TaskMakerViewController.swift */,
				12B2F9E82225EF07007C03AD /* ProfileViewController.swift */,
				12B2F9F1222656CD007C03AD /* OptionsViewController.swift */,
			);
			path = Controllers;
			sourceTree = "<group>";
		};
		120D54972223165B00604AD6 /* SupportiveFiles */ = {
			isa = PBXGroup;
			children = (
				120D548022225A2100604AD6 /* Assets.xcassets */,
				120D547922225A2000604AD6 /* AppDelegate.swift */,
				120D548222225A2100604AD6 /* LaunchScreen.storyboard */,
			);
			path = SupportiveFiles;
			sourceTree = "<group>";
		};
		120D54C7222468ED00604AD6 /* Firebase Utilities */ = {
			isa = PBXGroup;
			children = (
				120D54C5222468E900604AD6 /* UserSession.swift */,
				120D54CA22246BB900604AD6 /* DatabaseKeys.swift */,
				120D54C822246A5F00604AD6 /* DatabaseManager.swift */,
				120D54CF222471A000604AD6 /* StorageManager.swift */,
				120D54D122247B9800604AD6 /* StorageKeys.swift */,
			);
			path = "Firebase Utilities";
			sourceTree = "<group>";
		};
		120D54CC22246CCD00604AD6 /* Models */ = {
			isa = PBXGroup;
			children = (
				120D54CD22246CDF00604AD6 /* TaskerModel.swift */,
				1267FC8D22318A0A008167E5 /* Reminder.swift */,
				12E352ED22306C5F000F7F6E /* DataPersistanceManager.swift */,
				1271BE6E2228629D006D462E /* TaskType.swift */,
				1271BE6C22285531006D462E /* EventModel.swift */,
				126AC35E222CDE1600C653EE /* CalendarModel.swift */,
			);
			path = Models;
			sourceTree = "<group>";
		};
		120D54D322247C7500604AD6 /* Extensions */ = {
			isa = PBXGroup;
			children = (
				120D54D422247CBC00604AD6 /* UIViewController+Alerts.swift */,
			);
			path = Extensions;
			sourceTree = "<group>";
		};
		120D54DC2224E1EA00604AD6 /* Network Services */ = {
			isa = PBXGroup;
			children = (
				120D54DD2224E20C00604AD6 /* NetworkHelper.swift */,
				120D54DF2224E23300604AD6 /* AppError.swift */,
				1271BE6A22274476006D462E /* ImageCatch.swift */,
			);
			path = "Network Services";
			sourceTree = "<group>";
		};
		120D54E12224F02D00604AD6 /* EventKit */ = {
			isa = PBXGroup;
			children = (
			);
			name = EventKit;
			path = "Network Services";
			sourceTree = "<group>";
		};
		12B2F9EC22263D13007C03AD /* Cells */ = {
			isa = PBXGroup;
			children = (
				1215EB09222ED3F200541D57 /* CalendarCell.swift */,
				12B2F9ED22263D71007C03AD /* CellImage.swift */,
				1271BE6422271FD1006D462E /* EventSetupCell.swift */,
				1271BE6222271AF7006D462E /* EventCell.swift */,
				1271BE68222735FB006D462E /* NoteCell.swift */,
				1271BE6622272433006D462E /* ReminderCell.swift */,
				126AC35C222BA71000C653EE /* HomeCell.swift */,
			);
			path = Cells;
			sourceTree = "<group>";
		};
		5AD3AE0EE721E27C005FA093 /* Frameworks */ = {
			isa = PBXGroup;
			children = (
				E4C4E0994E8C01F65AD9DD5D /* Pods_SoloProjectFireBase.framework */,
			);
			name = Frameworks;
			sourceTree = "<group>";
		};
		B8D6F0A450701984C0B98791 /* Pods */ = {
			isa = PBXGroup;
			children = (
				3AE5DF8C4887E8AB3402BEAE /* Pods-SoloProjectFireBase.debug.xcconfig */,
				C00CB551019F010BE3515ACF /* Pods-SoloProjectFireBase.release.xcconfig */,
			);
			path = Pods;
			sourceTree = "<group>";
		};
/* End PBXGroup section */

/* Begin PBXNativeTarget section */
		120D547522225A2000604AD6 /* SoloProjectFireBase */ = {
			isa = PBXNativeTarget;
			buildConfigurationList = 120D548822225A2100604AD6 /* Build configuration list for PBXNativeTarget "SoloProjectFireBase" */;
			buildPhases = (
				DC639080871841B0FC100512 /* [CP] Check Pods Manifest.lock */,
				120D547222225A2000604AD6 /* Sources */,
				120D547322225A2000604AD6 /* Frameworks */,
				120D547422225A2000604AD6 /* Resources */,
				56AC06988209E29DE7FEA7A8 /* [CP] Embed Pods Frameworks */,
			);
			buildRules = (
			);
			dependencies = (
			);
			name = SoloProjectFireBase;
			productName = SoloProjectFireBase;
			productReference = 120D547622225A2000604AD6 /* SoloProjectFireBase.app */;
			productType = "com.apple.product-type.application";
		};
/* End PBXNativeTarget section */

/* Begin PBXProject section */
		120D546E22225A2000604AD6 /* Project object */ = {
			isa = PBXProject;
			attributes = {
				LastSwiftUpdateCheck = 1010;
				LastUpgradeCheck = 1010;
				ORGANIZATIONNAME = Olimpia;
				TargetAttributes = {
					120D547522225A2000604AD6 = {
						CreatedOnToolsVersion = 10.1;
					};
				};
			};
			buildConfigurationList = 120D547122225A2000604AD6 /* Build configuration list for PBXProject "SoloProjectFireBase" */;
			compatibilityVersion = "Xcode 9.3";
			developmentRegion = en;
			hasScannedForEncodings = 0;
			knownRegions = (
				en,
				Base,
			);
			mainGroup = 120D546D22225A2000604AD6;
			productRefGroup = 120D547722225A2000604AD6 /* Products */;
			projectDirPath = "";
			projectRoot = "";
			targets = (
				120D547522225A2000604AD6 /* SoloProjectFireBase */,
			);
		};
/* End PBXProject section */

/* Begin PBXResourcesBuildPhase section */
		120D547422225A2000604AD6 /* Resources */ = {
			isa = PBXResourcesBuildPhase;
			buildActionMask = 2147483647;
			files = (
				120D54D722248DBE00604AD6 /* TaskStoryBoard.storyboard in Resources */,
				120D548422225A2100604AD6 /* LaunchScreen.storyboard in Resources */,
				120D548C22225A3200604AD6 /* GoogleService-Info.plist in Resources */,
				120D548122225A2100604AD6 /* Assets.xcassets in Resources */,
				120D547F22225A2000604AD6 /* Main.storyboard in Resources */,
				120D54902222608500604AD6 /* loginView.xib in Resources */,
			);
			runOnlyForDeploymentPostprocessing = 0;
		};
/* End PBXResourcesBuildPhase section */

/* Begin PBXShellScriptBuildPhase section */
		56AC06988209E29DE7FEA7A8 /* [CP] Embed Pods Frameworks */ = {
			isa = PBXShellScriptBuildPhase;
			buildActionMask = 2147483647;
			files = (
			);
			inputFileListPaths = (
			);
			inputPaths = (
				"${PODS_ROOT}/Target Support Files/Pods-SoloProjectFireBase/Pods-SoloProjectFireBase-frameworks.sh",
				"${BUILT_PRODUCTS_DIR}/BoringSSL-GRPC/openssl_grpc.framework",
				"${BUILT_PRODUCTS_DIR}/GTMSessionFetcher/GTMSessionFetcher.framework",
				"${BUILT_PRODUCTS_DIR}/GoogleUtilities/GoogleUtilities.framework",
				"${BUILT_PRODUCTS_DIR}/JTAppleCalendar/JTAppleCalendar.framework",
				"${BUILT_PRODUCTS_DIR}/Protobuf/Protobuf.framework",
				"${BUILT_PRODUCTS_DIR}/gRPC-C++/grpcpp.framework",
				"${BUILT_PRODUCTS_DIR}/gRPC-Core/grpc.framework",
				"${BUILT_PRODUCTS_DIR}/leveldb-library/leveldb.framework",
				"${BUILT_PRODUCTS_DIR}/nanopb/nanopb.framework",
			);
			name = "[CP] Embed Pods Frameworks";
			outputFileListPaths = (
			);
			outputPaths = (
				"${TARGET_BUILD_DIR}/${FRAMEWORKS_FOLDER_PATH}/openssl_grpc.framework",
				"${TARGET_BUILD_DIR}/${FRAMEWORKS_FOLDER_PATH}/GTMSessionFetcher.framework",
				"${TARGET_BUILD_DIR}/${FRAMEWORKS_FOLDER_PATH}/GoogleUtilities.framework",
				"${TARGET_BUILD_DIR}/${FRAMEWORKS_FOLDER_PATH}/JTAppleCalendar.framework",
				"${TARGET_BUILD_DIR}/${FRAMEWORKS_FOLDER_PATH}/Protobuf.framework",
				"${TARGET_BUILD_DIR}/${FRAMEWORKS_FOLDER_PATH}/grpcpp.framework",
				"${TARGET_BUILD_DIR}/${FRAMEWORKS_FOLDER_PATH}/grpc.framework",
				"${TARGET_BUILD_DIR}/${FRAMEWORKS_FOLDER_PATH}/leveldb.framework",
				"${TARGET_BUILD_DIR}/${FRAMEWORKS_FOLDER_PATH}/nanopb.framework",
			);
			runOnlyForDeploymentPostprocessing = 0;
			shellPath = /bin/sh;
			shellScript = "\"${PODS_ROOT}/Target Support Files/Pods-SoloProjectFireBase/Pods-SoloProjectFireBase-frameworks.sh\"\n";
			showEnvVarsInLog = 0;
		};
		DC639080871841B0FC100512 /* [CP] Check Pods Manifest.lock */ = {
			isa = PBXShellScriptBuildPhase;
			buildActionMask = 2147483647;
			files = (
			);
			inputFileListPaths = (
			);
			inputPaths = (
				"${PODS_PODFILE_DIR_PATH}/Podfile.lock",
				"${PODS_ROOT}/Manifest.lock",
			);
			name = "[CP] Check Pods Manifest.lock";
			outputFileListPaths = (
			);
			outputPaths = (
				"$(DERIVED_FILE_DIR)/Pods-SoloProjectFireBase-checkManifestLockResult.txt",
			);
			runOnlyForDeploymentPostprocessing = 0;
			shellPath = /bin/sh;
			shellScript = "diff \"${PODS_PODFILE_DIR_PATH}/Podfile.lock\" \"${PODS_ROOT}/Manifest.lock\" > /dev/null\nif [ $? != 0 ] ; then\n    # print error to STDERR\n    echo \"error: The sandbox is not in sync with the Podfile.lock. Run 'pod install' or update your CocoaPods installation.\" >&2\n    exit 1\nfi\n# This output is used by Xcode 'outputs' to avoid re-running this script phase.\necho \"SUCCESS\" > \"${SCRIPT_OUTPUT_FILE_0}\"\n";
			showEnvVarsInLog = 0;
		};
/* End PBXShellScriptBuildPhase section */

/* Begin PBXSourcesBuildPhase section */
		120D547222225A2000604AD6 /* Sources */ = {
			isa = PBXSourcesBuildPhase;
			buildActionMask = 2147483647;
			files = (
				120D54DE2224E20C00604AD6 /* NetworkHelper.swift in Sources */,
				120D54CB22246BB900604AD6 /* DatabaseKeys.swift in Sources */,
				12B2F9EE22263D71007C03AD /* CellImage.swift in Sources */,
				1271BE6322271AF7006D462E /* EventCell.swift in Sources */,
				12B2F9F6222661C9007C03AD /* TasksView.swift in Sources */,
				12B2F9F422265702007C03AD /* OptionsView.swift in Sources */,
				120D54962223164600604AD6 /* LoginViewController.swift in Sources */,
				120D54922222687500604AD6 /* LoginView.swift in Sources */,
				120D54D522247CBC00604AD6 /* UIViewController+Alerts.swift in Sources */,
				126AC35F222CDE1600C653EE /* CalendarModel.swift in Sources */,
				120D54C922246A5F00604AD6 /* DatabaseManager.swift in Sources */,
				1271BE6722272433006D462E /* ReminderCell.swift in Sources */,
				1204C12422299BD400C4018D /* CalendarViewController.swift in Sources */,
				1271BE69222735FB006D462E /* NoteCell.swift in Sources */,
				12E8F7112232DD1400FB6B52 /* EditView.swift in Sources */,
				120D54E02224E23300604AD6 /* AppError.swift in Sources */,
				12B2F9E92225EF07007C03AD /* ProfileViewController.swift in Sources */,
				12B2F9F2222656CD007C03AD /* OptionsViewController.swift in Sources */,
				120D547A22225A2000604AD6 /* AppDelegate.swift in Sources */,
				126AC35D222BA71000C653EE /* HomeCell.swift in Sources */,
				1271BE6B22274476006D462E /* ImageCatch.swift in Sources */,
				120D54DB2224DD0700604AD6 /* TaskMakerViewController.swift in Sources */,
				120D54C6222468E900604AD6 /* UserSession.swift in Sources */,
				1271BE6522271FD1006D462E /* EventSetupCell.swift in Sources */,
				12E8F7132232DDDC00FB6B52 /* EditViewController.swift in Sources */,
				1271BE6F2228629D006D462E /* TaskType.swift in Sources */,
				120D54D92224DCAA00604AD6 /* HomeViewController.swift in Sources */,
				1271BE6D22285531006D462E /* EventModel.swift in Sources */,
				12B2F9E72225E989007C03AD /* TasksTabBarController.swift in Sources */,
				1215EB0A222ED3F200541D57 /* CalendarCell.swift in Sources */,
				1267FC8E22318A0A008167E5 /* Reminder.swift in Sources */,
				12E352EE22306C5F000F7F6E /* DataPersistanceManager.swift in Sources */,
				120D54D222247B9800604AD6 /* StorageKeys.swift in Sources */,
				120D54CE22246CDF00604AD6 /* TaskerModel.swift in Sources */,
				120D54D0222471A000604AD6 /* StorageManager.swift in Sources */,
				12B2F9EB2225EF10007C03AD /* SettingsViewController.swift in Sources */,
			);
			runOnlyForDeploymentPostprocessing = 0;
		};
/* End PBXSourcesBuildPhase section */

/* Begin PBXVariantGroup section */
		120D547D22225A2000604AD6 /* Main.storyboard */ = {
			isa = PBXVariantGroup;
			children = (
				120D547E22225A2000604AD6 /* Base */,
			);
			name = Main.storyboard;
			sourceTree = "<group>";
		};
		120D548222225A2100604AD6 /* LaunchScreen.storyboard */ = {
			isa = PBXVariantGroup;
			children = (
				120D548322225A2100604AD6 /* Base */,
			);
			name = LaunchScreen.storyboard;
			sourceTree = "<group>";
		};
/* End PBXVariantGroup section */

/* Begin XCBuildConfiguration section */
		120D548622225A2100604AD6 /* Debug */ = {
			isa = XCBuildConfiguration;
			buildSettings = {
				ALWAYS_SEARCH_USER_PATHS = NO;
				CLANG_ANALYZER_NONNULL = YES;
				CLANG_ANALYZER_NUMBER_OBJECT_CONVERSION = YES_AGGRESSIVE;
				CLANG_CXX_LANGUAGE_STANDARD = "gnu++14";
				CLANG_CXX_LIBRARY = "libc++";
				CLANG_ENABLE_MODULES = YES;
				CLANG_ENABLE_OBJC_ARC = YES;
				CLANG_ENABLE_OBJC_WEAK = YES;
				CLANG_WARN_BLOCK_CAPTURE_AUTORELEASING = YES;
				CLANG_WARN_BOOL_CONVERSION = YES;
				CLANG_WARN_COMMA = YES;
				CLANG_WARN_CONSTANT_CONVERSION = YES;
				CLANG_WARN_DEPRECATED_OBJC_IMPLEMENTATIONS = YES;
				CLANG_WARN_DIRECT_OBJC_ISA_USAGE = YES_ERROR;
				CLANG_WARN_DOCUMENTATION_COMMENTS = YES;
				CLANG_WARN_EMPTY_BODY = YES;
				CLANG_WARN_ENUM_CONVERSION = YES;
				CLANG_WARN_INFINITE_RECURSION = YES;
				CLANG_WARN_INT_CONVERSION = YES;
				CLANG_WARN_NON_LITERAL_NULL_CONVERSION = YES;
				CLANG_WARN_OBJC_IMPLICIT_RETAIN_SELF = YES;
				CLANG_WARN_OBJC_LITERAL_CONVERSION = YES;
				CLANG_WARN_OBJC_ROOT_CLASS = YES_ERROR;
				CLANG_WARN_RANGE_LOOP_ANALYSIS = YES;
				CLANG_WARN_STRICT_PROTOTYPES = YES;
				CLANG_WARN_SUSPICIOUS_MOVE = YES;
				CLANG_WARN_UNGUARDED_AVAILABILITY = YES_AGGRESSIVE;
				CLANG_WARN_UNREACHABLE_CODE = YES;
				CLANG_WARN__DUPLICATE_METHOD_MATCH = YES;
				CODE_SIGN_IDENTITY = "iPhone Developer";
				COPY_PHASE_STRIP = NO;
				DEBUG_INFORMATION_FORMAT = dwarf;
				ENABLE_STRICT_OBJC_MSGSEND = YES;
				ENABLE_TESTABILITY = YES;
				GCC_C_LANGUAGE_STANDARD = gnu11;
				GCC_DYNAMIC_NO_PIC = NO;
				GCC_NO_COMMON_BLOCKS = YES;
				GCC_OPTIMIZATION_LEVEL = 0;
				GCC_PREPROCESSOR_DEFINITIONS = (
					"DEBUG=1",
					"$(inherited)",
				);
				GCC_WARN_64_TO_32_BIT_CONVERSION = YES;
				GCC_WARN_ABOUT_RETURN_TYPE = YES_ERROR;
				GCC_WARN_UNDECLARED_SELECTOR = YES;
				GCC_WARN_UNINITIALIZED_AUTOS = YES_AGGRESSIVE;
				GCC_WARN_UNUSED_FUNCTION = YES;
				GCC_WARN_UNUSED_VARIABLE = YES;
				IPHONEOS_DEPLOYMENT_TARGET = 12.1;
				MTL_ENABLE_DEBUG_INFO = INCLUDE_SOURCE;
				MTL_FAST_MATH = YES;
				ONLY_ACTIVE_ARCH = YES;
				SDKROOT = iphoneos;
				SWIFT_ACTIVE_COMPILATION_CONDITIONS = DEBUG;
				SWIFT_OPTIMIZATION_LEVEL = "-Onone";
			};
			name = Debug;
		};
		120D548722225A2100604AD6 /* Release */ = {
			isa = XCBuildConfiguration;
			buildSettings = {
				ALWAYS_SEARCH_USER_PATHS = NO;
				CLANG_ANALYZER_NONNULL = YES;
				CLANG_ANALYZER_NUMBER_OBJECT_CONVERSION = YES_AGGRESSIVE;
				CLANG_CXX_LANGUAGE_STANDARD = "gnu++14";
				CLANG_CXX_LIBRARY = "libc++";
				CLANG_ENABLE_MODULES = YES;
				CLANG_ENABLE_OBJC_ARC = YES;
				CLANG_ENABLE_OBJC_WEAK = YES;
				CLANG_WARN_BLOCK_CAPTURE_AUTORELEASING = YES;
				CLANG_WARN_BOOL_CONVERSION = YES;
				CLANG_WARN_COMMA = YES;
				CLANG_WARN_CONSTANT_CONVERSION = YES;
				CLANG_WARN_DEPRECATED_OBJC_IMPLEMENTATIONS = YES;
				CLANG_WARN_DIRECT_OBJC_ISA_USAGE = YES_ERROR;
				CLANG_WARN_DOCUMENTATION_COMMENTS = YES;
				CLANG_WARN_EMPTY_BODY = YES;
				CLANG_WARN_ENUM_CONVERSION = YES;
				CLANG_WARN_INFINITE_RECURSION = YES;
				CLANG_WARN_INT_CONVERSION = YES;
				CLANG_WARN_NON_LITERAL_NULL_CONVERSION = YES;
				CLANG_WARN_OBJC_IMPLICIT_RETAIN_SELF = YES;
				CLANG_WARN_OBJC_LITERAL_CONVERSION = YES;
				CLANG_WARN_OBJC_ROOT_CLASS = YES_ERROR;
				CLANG_WARN_RANGE_LOOP_ANALYSIS = YES;
				CLANG_WARN_STRICT_PROTOTYPES = YES;
				CLANG_WARN_SUSPICIOUS_MOVE = YES;
				CLANG_WARN_UNGUARDED_AVAILABILITY = YES_AGGRESSIVE;
				CLANG_WARN_UNREACHABLE_CODE = YES;
				CLANG_WARN__DUPLICATE_METHOD_MATCH = YES;
				CODE_SIGN_IDENTITY = "iPhone Developer";
				COPY_PHASE_STRIP = NO;
				DEBUG_INFORMATION_FORMAT = "dwarf-with-dsym";
				ENABLE_NS_ASSERTIONS = NO;
				ENABLE_STRICT_OBJC_MSGSEND = YES;
				GCC_C_LANGUAGE_STANDARD = gnu11;
				GCC_NO_COMMON_BLOCKS = YES;
				GCC_WARN_64_TO_32_BIT_CONVERSION = YES;
				GCC_WARN_ABOUT_RETURN_TYPE = YES_ERROR;
				GCC_WARN_UNDECLARED_SELECTOR = YES;
				GCC_WARN_UNINITIALIZED_AUTOS = YES_AGGRESSIVE;
				GCC_WARN_UNUSED_FUNCTION = YES;
				GCC_WARN_UNUSED_VARIABLE = YES;
				IPHONEOS_DEPLOYMENT_TARGET = 12.1;
				MTL_ENABLE_DEBUG_INFO = NO;
				MTL_FAST_MATH = YES;
				SDKROOT = iphoneos;
				SWIFT_COMPILATION_MODE = wholemodule;
				SWIFT_OPTIMIZATION_LEVEL = "-O";
				VALIDATE_PRODUCT = YES;
			};
			name = Release;
		};
		120D548922225A2100604AD6 /* Debug */ = {
			isa = XCBuildConfiguration;
			baseConfigurationReference = 3AE5DF8C4887E8AB3402BEAE /* Pods-SoloProjectFireBase.debug.xcconfig */;
			buildSettings = {
				ASSETCATALOG_COMPILER_APPICON_NAME = AppIcon;
				CODE_SIGN_STYLE = Automatic;
				DEVELOPMENT_TEAM = 427QA2XMX6;
				INFOPLIST_FILE = SoloProjectFireBase/Info.plist;
				LD_RUNPATH_SEARCH_PATHS = (
					"$(inherited)",
					"@executable_path/Frameworks",
				);
				PRODUCT_BUNDLE_IDENTIFIER = solo;
				PRODUCT_NAME = "$(TARGET_NAME)";
				SWIFT_VERSION = 4.2;
				TARGETED_DEVICE_FAMILY = "1,2";
			};
			name = Debug;
		};
		120D548A22225A2100604AD6 /* Release */ = {
			isa = XCBuildConfiguration;
			baseConfigurationReference = C00CB551019F010BE3515ACF /* Pods-SoloProjectFireBase.release.xcconfig */;
			buildSettings = {
				ASSETCATALOG_COMPILER_APPICON_NAME = AppIcon;
				CODE_SIGN_STYLE = Automatic;
				DEVELOPMENT_TEAM = 427QA2XMX6;
				INFOPLIST_FILE = SoloProjectFireBase/Info.plist;
				LD_RUNPATH_SEARCH_PATHS = (
					"$(inherited)",
					"@executable_path/Frameworks",
				);
				PRODUCT_BUNDLE_IDENTIFIER = solo;
				PRODUCT_NAME = "$(TARGET_NAME)";
				SWIFT_VERSION = 4.2;
				TARGETED_DEVICE_FAMILY = "1,2";
			};
			name = Release;
		};
/* End XCBuildConfiguration section */

/* Begin XCConfigurationList section */
		120D547122225A2000604AD6 /* Build configuration list for PBXProject "SoloProjectFireBase" */ = {
			isa = XCConfigurationList;
			buildConfigurations = (
				120D548622225A2100604AD6 /* Debug */,
				120D548722225A2100604AD6 /* Release */,
			);
			defaultConfigurationIsVisible = 0;
			defaultConfigurationName = Release;
		};
		120D548822225A2100604AD6 /* Build configuration list for PBXNativeTarget "SoloProjectFireBase" */ = {
			isa = XCConfigurationList;
			buildConfigurations = (
				120D548922225A2100604AD6 /* Debug */,
				120D548A22225A2100604AD6 /* Release */,
			);
			defaultConfigurationIsVisible = 0;
			defaultConfigurationName = Release;
		};
/* End XCConfigurationList section */
	};
	rootObject = 120D546E22225A2000604AD6 /* Project object */;
}
